// !$*UTF8*$!
{
	archiveVersion = 1;
	classes = {
	};
	objectVersion = 55;
	objects = {

/* Begin PBXBuildFile section */
		0BE3DC3428A596610039856C /* Watchdog.framework in Frameworks */ = {isa = PBXBuildFile; fileRef = 0BE3DC2B28A596610039856C /* Watchdog.framework */; };
		0BE3DC3928A596610039856C /* WatchdogTests.swift in Sources */ = {isa = PBXBuildFile; fileRef = 0BE3DC3828A596610039856C /* WatchdogTests.swift */; };
		0BE3DC4728A596C00039856C /* WatchdogRunLoopObserver.h in Headers */ = {isa = PBXBuildFile; fileRef = 0BE3DC4528A596C00039856C /* WatchdogRunLoopObserver.h */; };
		0BE3DC4828A596C00039856C /* WatchdogRunLoopObserver.m in Sources */ = {isa = PBXBuildFile; fileRef = 0BE3DC4628A596C00039856C /* WatchdogRunLoopObserver.m */; };
		0BE3DC4A28A599F50039856C /* Watchdog.swift in Sources */ = {isa = PBXBuildFile; fileRef = 0BE3DC4928A599F50039856C /* Watchdog.swift */; };
		0BE3DC4C28A59CAA0039856C /* Watchdog-Bridging-Header.h in Headers */ = {isa = PBXBuildFile; fileRef = 0BE3DC4B28A59CAA0039856C /* Watchdog-Bridging-Header.h */; };
/* End PBXBuildFile section */

/* Begin PBXContainerItemProxy section */
		0BE3DC3528A596610039856C /* PBXContainerItemProxy */ = {
			isa = PBXContainerItemProxy;
			containerPortal = 0BE3DC2228A596610039856C /* Project object */;
			proxyType = 1;
			remoteGlobalIDString = 0BE3DC2A28A596610039856C;
			remoteInfo = Watchdog;
		};
/* End PBXContainerItemProxy section */

/* Begin PBXFileReference section */
		0BE3DC2B28A596610039856C /* Watchdog.framework */ = {isa = PBXFileReference; explicitFileType = wrapper.framework; includeInIndex = 0; path = Watchdog.framework; sourceTree = BUILT_PRODUCTS_DIR; };
		0BE3DC3328A596610039856C /* WatchdogTests.xctest */ = {isa = PBXFileReference; explicitFileType = wrapper.cfbundle; includeInIndex = 0; path = WatchdogTests.xctest; sourceTree = BUILT_PRODUCTS_DIR; };
		0BE3DC3828A596610039856C /* WatchdogTests.swift */ = {isa = PBXFileReference; lastKnownFileType = sourcecode.swift; path = WatchdogTests.swift; sourceTree = "<group>"; };
		0BE3DC4528A596C00039856C /* WatchdogRunLoopObserver.h */ = {isa = PBXFileReference; lastKnownFileType = sourcecode.c.h; path = WatchdogRunLoopObserver.h; sourceTree = "<group>"; };
		0BE3DC4628A596C00039856C /* WatchdogRunLoopObserver.m */ = {isa = PBXFileReference; lastKnownFileType = sourcecode.c.objc; path = WatchdogRunLoopObserver.m; sourceTree = "<group>"; };
		0BE3DC4928A599F50039856C /* Watchdog.swift */ = {isa = PBXFileReference; lastKnownFileType = sourcecode.swift; path = Watchdog.swift; sourceTree = "<group>"; };
		0BE3DC4B28A59CAA0039856C /* Watchdog-Bridging-Header.h */ = {isa = PBXFileReference; lastKnownFileType = sourcecode.c.h; path = "Watchdog-Bridging-Header.h"; sourceTree = "<group>"; };
/* End PBXFileReference section */

/* Begin PBXFrameworksBuildPhase section */
		0BE3DC2828A596610039856C /* Frameworks */ = {
			isa = PBXFrameworksBuildPhase;
			buildActionMask = 2147483647;
			files = (
			);
			runOnlyForDeploymentPostprocessing = 0;
		};
		0BE3DC3028A596610039856C /* Frameworks */ = {
			isa = PBXFrameworksBuildPhase;
			buildActionMask = 2147483647;
			files = (
				0BE3DC3428A596610039856C /* Watchdog.framework in Frameworks */,
			);
			runOnlyForDeploymentPostprocessing = 0;
		};
/* End PBXFrameworksBuildPhase section */

/* Begin PBXGroup section */
		0BE3DC2128A596610039856C = {
			isa = PBXGroup;
			children = (
				0BE3DC2D28A596610039856C /* Sources */,
				0BE3DC3728A596610039856C /* Tests */,
				0BE3DC2C28A596610039856C /* Products */,
			);
			sourceTree = "<group>";
		};
		0BE3DC2C28A596610039856C /* Products */ = {
			isa = PBXGroup;
			children = (
				0BE3DC2B28A596610039856C /* Watchdog.framework */,
				0BE3DC3328A596610039856C /* WatchdogTests.xctest */,
			);
			name = Products;
			sourceTree = "<group>";
		};
		0BE3DC2D28A596610039856C /* Sources */ = {
			isa = PBXGroup;
			children = (
				0BE3DC4B28A59CAA0039856C /* Watchdog-Bridging-Header.h */,
				0BE3DC4928A599F50039856C /* Watchdog.swift */,
				0BE3DC4528A596C00039856C /* WatchdogRunLoopObserver.h */,
				0BE3DC4628A596C00039856C /* WatchdogRunLoopObserver.m */,
			);
			path = Sources;
			sourceTree = "<group>";
		};
		0BE3DC3728A596610039856C /* Tests */ = {
			isa = PBXGroup;
			children = (
				0BE3DC3828A596610039856C /* WatchdogTests.swift */,
			);
			path = Tests;
			sourceTree = "<group>";
		};
/* End PBXGroup section */

/* Begin PBXHeadersBuildPhase section */
		0BE3DC2628A596610039856C /* Headers */ = {
			isa = PBXHeadersBuildPhase;
			buildActionMask = 2147483647;
			files = (
				0BE3DC4C28A59CAA0039856C /* Watchdog-Bridging-Header.h in Headers */,
				0BE3DC4728A596C00039856C /* WatchdogRunLoopObserver.h in Headers */,
			);
			runOnlyForDeploymentPostprocessing = 0;
		};
/* End PBXHeadersBuildPhase section */

/* Begin PBXNativeTarget section */
		0BE3DC2A28A596610039856C /* Watchdog */ = {
			isa = PBXNativeTarget;
			buildConfigurationList = 0BE3DC3D28A596610039856C /* Build configuration list for PBXNativeTarget "Watchdog" */;
			buildPhases = (
				0BE3DC2628A596610039856C /* Headers */,
				0BE3DC2728A596610039856C /* Sources */,
				0BE3DC2828A596610039856C /* Frameworks */,
				0BE3DC2928A596610039856C /* Resources */,
			);
			buildRules = (
			);
			dependencies = (
			);
			name = Watchdog;
			productName = Watchdog;
			productReference = 0BE3DC2B28A596610039856C /* Watchdog.framework */;
			productType = "com.apple.product-type.framework";
		};
		0BE3DC3228A596610039856C /* WatchdogTests */ = {
			isa = PBXNativeTarget;
			buildConfigurationList = 0BE3DC4028A596610039856C /* Build configuration list for PBXNativeTarget "WatchdogTests" */;
			buildPhases = (
				0BE3DC2F28A596610039856C /* Sources */,
				0BE3DC3028A596610039856C /* Frameworks */,
				0BE3DC3128A596610039856C /* Resources */,
			);
			buildRules = (
			);
			dependencies = (
				0BE3DC3628A596610039856C /* PBXTargetDependency */,
			);
			name = WatchdogTests;
			productName = WatchdogTests;
			productReference = 0BE3DC3328A596610039856C /* WatchdogTests.xctest */;
			productType = "com.apple.product-type.bundle.unit-test";
		};
/* End PBXNativeTarget section */

/* Begin PBXProject section */
		0BE3DC2228A596610039856C /* Project object */ = {
			isa = PBXProject;
			attributes = {
				BuildIndependentTargetsInParallel = 1;
				LastSwiftUpdateCheck = 1340;
				LastUpgradeCheck = 1340;
				TargetAttributes = {
					0BE3DC2A28A596610039856C = {
						CreatedOnToolsVersion = 13.4.1;
						LastSwiftMigration = 1340;
					};
					0BE3DC3228A596610039856C = {
						CreatedOnToolsVersion = 13.4.1;
					};
				};
			};
			buildConfigurationList = 0BE3DC2528A596610039856C /* Build configuration list for PBXProject "Watchdog" */;
			compatibilityVersion = "Xcode 13.0";
			developmentRegion = en;
			hasScannedForEncodings = 0;
			knownRegions = (
				en,
				Base,
			);
			mainGroup = 0BE3DC2128A596610039856C;
			productRefGroup = 0BE3DC2C28A596610039856C /* Products */;
			projectDirPath = "";
			projectRoot = "";
			targets = (
				0BE3DC2A28A596610039856C /* Watchdog */,
				0BE3DC3228A596610039856C /* WatchdogTests */,
			);
		};
/* End PBXProject section */

/* Begin PBXResourcesBuildPhase section */
		0BE3DC2928A596610039856C /* Resources */ = {
			isa = PBXResourcesBuildPhase;
			buildActionMask = 2147483647;
			files = (
			);
			runOnlyForDeploymentPostprocessing = 0;
		};
		0BE3DC3128A596610039856C /* Resources */ = {
			isa = PBXResourcesBuildPhase;
			buildActionMask = 2147483647;
			files = (
			);
			runOnlyForDeploymentPostprocessing = 0;
		};
/* End PBXResourcesBuildPhase section */

/* Begin PBXSourcesBuildPhase section */
		0BE3DC2728A596610039856C /* Sources */ = {
			isa = PBXSourcesBuildPhase;
			buildActionMask = 2147483647;
			files = (
				0BE3DC4A28A599F50039856C /* Watchdog.swift in Sources */,
				0BE3DC4828A596C00039856C /* WatchdogRunLoopObserver.m in Sources */,
			);
			runOnlyForDeploymentPostprocessing = 0;
		};
		0BE3DC2F28A596610039856C /* Sources */ = {
			isa = PBXSourcesBuildPhase;
			buildActionMask = 2147483647;
			files = (
				0BE3DC3928A596610039856C /* WatchdogTests.swift in Sources */,
			);
			runOnlyForDeploymentPostprocessing = 0;
		};
/* End PBXSourcesBuildPhase section */

/* Begin PBXTargetDependency section */
		0BE3DC3628A596610039856C /* PBXTargetDependency */ = {
			isa = PBXTargetDependency;
			target = 0BE3DC2A28A596610039856C /* Watchdog */;
			targetProxy = 0BE3DC3528A596610039856C /* PBXContainerItemProxy */;
		};
/* End PBXTargetDependency section */

/* Begin XCBuildConfiguration section */
		0BE3DC3B28A596610039856C /* Debug */ = {
			isa = XCBuildConfiguration;
			buildSettings = {
				ALWAYS_SEARCH_USER_PATHS = NO;
				CLANG_ANALYZER_NONNULL = YES;
				CLANG_ANALYZER_NUMBER_OBJECT_CONVERSION = YES_AGGRESSIVE;
				CLANG_CXX_LANGUAGE_STANDARD = "gnu++17";
				CLANG_ENABLE_MODULES = YES;
				CLANG_ENABLE_OBJC_ARC = YES;
				CLANG_ENABLE_OBJC_WEAK = YES;
				CLANG_WARN_BLOCK_CAPTURE_AUTORELEASING = YES;
				CLANG_WARN_BOOL_CONVERSION = YES;
				CLANG_WARN_COMMA = YES;
				CLANG_WARN_CONSTANT_CONVERSION = YES;
				CLANG_WARN_DEPRECATED_OBJC_IMPLEMENTATIONS = YES;
				CLANG_WARN_DIRECT_OBJC_ISA_USAGE = YES_ERROR;
				CLANG_WARN_DOCUMENTATION_COMMENTS = YES;
				CLANG_WARN_EMPTY_BODY = YES;
				CLANG_WARN_ENUM_CONVERSION = YES;
				CLANG_WARN_INFINITE_RECURSION = YES;
				CLANG_WARN_INT_CONVERSION = YES;
				CLANG_WARN_NON_LITERAL_NULL_CONVERSION = YES;
				CLANG_WARN_OBJC_IMPLICIT_RETAIN_SELF = YES;
				CLANG_WARN_OBJC_LITERAL_CONVERSION = YES;
				CLANG_WARN_OBJC_ROOT_CLASS = YES_ERROR;
				CLANG_WARN_QUOTED_INCLUDE_IN_FRAMEWORK_HEADER = YES;
				CLANG_WARN_RANGE_LOOP_ANALYSIS = YES;
				CLANG_WARN_STRICT_PROTOTYPES = YES;
				CLANG_WARN_SUSPICIOUS_MOVE = YES;
				CLANG_WARN_UNGUARDED_AVAILABILITY = YES_AGGRESSIVE;
				CLANG_WARN_UNREACHABLE_CODE = YES;
				CLANG_WARN__DUPLICATE_METHOD_MATCH = YES;
				COPY_PHASE_STRIP = NO;
				CURRENT_PROJECT_VERSION = 1;
				DEBUG_INFORMATION_FORMAT = dwarf;
				ENABLE_STRICT_OBJC_MSGSEND = YES;
				ENABLE_TESTABILITY = YES;
				GCC_C_LANGUAGE_STANDARD = gnu11;
				GCC_DYNAMIC_NO_PIC = NO;
				GCC_NO_COMMON_BLOCKS = YES;
				GCC_OPTIMIZATION_LEVEL = 0;
				GCC_PREPROCESSOR_DEFINITIONS = (
					"DEBUG=1",
					"$(inherited)",
				);
				GCC_WARN_64_TO_32_BIT_CONVERSION = YES;
				GCC_WARN_ABOUT_RETURN_TYPE = YES_ERROR;
				GCC_WARN_UNDECLARED_SELECTOR = YES;
				GCC_WARN_UNINITIALIZED_AUTOS = YES_AGGRESSIVE;
				GCC_WARN_UNUSED_FUNCTION = YES;
				GCC_WARN_UNUSED_VARIABLE = YES;
				IPHONEOS_DEPLOYMENT_TARGET = 15.5;
				MTL_ENABLE_DEBUG_INFO = INCLUDE_SOURCE;
				MTL_FAST_MATH = YES;
				ONLY_ACTIVE_ARCH = YES;
				SDKROOT = iphoneos;
				SWIFT_ACTIVE_COMPILATION_CONDITIONS = DEBUG;
				SWIFT_OBJC_BRIDGING_HEADER = "Sources/Watchdog-Bridging-Header.h";
				SWIFT_OPTIMIZATION_LEVEL = "-Onone";
				SWIFT_VERSION = 5.0;
				VERSIONING_SYSTEM = "apple-generic";
				VERSION_INFO_PREFIX = "";
			};
			name = Debug;
		};
		0BE3DC3C28A596610039856C /* Release */ = {
			isa = XCBuildConfiguration;
			buildSettings = {
				ALWAYS_SEARCH_USER_PATHS = NO;
				CLANG_ANALYZER_NONNULL = YES;
				CLANG_ANALYZER_NUMBER_OBJECT_CONVERSION = YES_AGGRESSIVE;
				CLANG_CXX_LANGUAGE_STANDARD = "gnu++17";
				CLANG_ENABLE_MODULES = YES;
				CLANG_ENABLE_OBJC_ARC = YES;
				CLANG_ENABLE_OBJC_WEAK = YES;
				CLANG_WARN_BLOCK_CAPTURE_AUTORELEASING = YES;
				CLANG_WARN_BOOL_CONVERSION = YES;
				CLANG_WARN_COMMA = YES;
				CLANG_WARN_CONSTANT_CONVERSION = YES;
				CLANG_WARN_DEPRECATED_OBJC_IMPLEMENTATIONS = YES;
				CLANG_WARN_DIRECT_OBJC_ISA_USAGE = YES_ERROR;
				CLANG_WARN_DOCUMENTATION_COMMENTS = YES;
				CLANG_WARN_EMPTY_BODY = YES;
				CLANG_WARN_ENUM_CONVERSION = YES;
				CLANG_WARN_INFINITE_RECURSION = YES;
				CLANG_WARN_INT_CONVERSION = YES;
				CLANG_WARN_NON_LITERAL_NULL_CONVERSION = YES;
				CLANG_WARN_OBJC_IMPLICIT_RETAIN_SELF = YES;
				CLANG_WARN_OBJC_LITERAL_CONVERSION = YES;
				CLANG_WARN_OBJC_ROOT_CLASS = YES_ERROR;
				CLANG_WARN_QUOTED_INCLUDE_IN_FRAMEWORK_HEADER = YES;
				CLANG_WARN_RANGE_LOOP_ANALYSIS = YES;
				CLANG_WARN_STRICT_PROTOTYPES = YES;
				CLANG_WARN_SUSPICIOUS_MOVE = YES;
				CLANG_WARN_UNGUARDED_AVAILABILITY = YES_AGGRESSIVE;
				CLANG_WARN_UNREACHABLE_CODE = YES;
				CLANG_WARN__DUPLICATE_METHOD_MATCH = YES;
				COPY_PHASE_STRIP = NO;
				CURRENT_PROJECT_VERSION = 1;
				DEBUG_INFORMATION_FORMAT = "dwarf-with-dsym";
				ENABLE_NS_ASSERTIONS = NO;
				ENABLE_STRICT_OBJC_MSGSEND = YES;
				GCC_C_LANGUAGE_STANDARD = gnu11;
				GCC_NO_COMMON_BLOCKS = YES;
				GCC_WARN_64_TO_32_BIT_CONVERSION = YES;
				GCC_WARN_ABOUT_RETURN_TYPE = YES_ERROR;
				GCC_WARN_UNDECLARED_SELECTOR = YES;
				GCC_WARN_UNINITIALIZED_AUTOS = YES_AGGRESSIVE;
				GCC_WARN_UNUSED_FUNCTION = YES;
				GCC_WARN_UNUSED_VARIABLE = YES;
				IPHONEOS_DEPLOYMENT_TARGET = 15.5;
				MTL_ENABLE_DEBUG_INFO = NO;
				MTL_FAST_MATH = YES;
				SDKROOT = iphoneos;
				SWIFT_COMPILATION_MODE = wholemodule;
				SWIFT_OBJC_BRIDGING_HEADER = "Sources/Watchdog-Bridging-Header.h";
				SWIFT_OPTIMIZATION_LEVEL = "-O";
				SWIFT_VERSION = 5.0;
				VALIDATE_PRODUCT = YES;
				VERSIONING_SYSTEM = "apple-generic";
				VERSION_INFO_PREFIX = "";
			};
			name = Release;
		};
		0BE3DC3E28A596610039856C /* Debug */ = {
			isa = XCBuildConfiguration;
			buildSettings = {
				CLANG_ENABLE_MODULES = YES;
				CODE_SIGN_STYLE = Automatic;
				CURRENT_PROJECT_VERSION = 1;
				DEFINES_MODULE = YES;
				DYLIB_COMPATIBILITY_VERSION = 1;
				DYLIB_CURRENT_VERSION = 1;
				DYLIB_INSTALL_NAME_BASE = "@rpath";
				GENERATE_INFOPLIST_FILE = YES;
				INFOPLIST_KEY_NSHumanReadableCopyright = "";
				INSTALL_PATH = "$(LOCAL_LIBRARY_DIR)/Frameworks";
				LD_RUNPATH_SEARCH_PATHS = (
					"$(inherited)",
					"@executable_path/Frameworks",
					"@loader_path/Frameworks",
				);
				MARKETING_VERSION = 1.0;
				PRODUCT_BUNDLE_IDENTIFIER = com.hexedbits.Watchdog;
				PRODUCT_NAME = "$(TARGET_NAME:c99extidentifier)";
				SKIP_INSTALL = YES;
				SUPPORTS_MACCATALYST = NO;
				SWIFT_EMIT_LOC_STRINGS = YES;
				SWIFT_OPTIMIZATION_LEVEL = "-Onone";
				TARGETED_DEVICE_FAMILY = "1,2";
			};
			name = Debug;
		};
		0BE3DC3F28A596610039856C /* Release */ = {
			isa = XCBuildConfiguration;
			buildSettings = {
				CLANG_ENABLE_MODULES = YES;
				CODE_SIGN_STYLE = Automatic;
				CURRENT_PROJECT_VERSION = 1;
				DEFINES_MODULE = YES;
				DYLIB_COMPATIBILITY_VERSION = 1;
				DYLIB_CURRENT_VERSION = 1;
				DYLIB_INSTALL_NAME_BASE = "@rpath";
				GENERATE_INFOPLIST_FILE = YES;
				INFOPLIST_KEY_NSHumanReadableCopyright = "";
				INSTALL_PATH = "$(LOCAL_LIBRARY_DIR)/Frameworks";
				LD_RUNPATH_SEARCH_PATHS = (
					"$(inherited)",
					"@executable_path/Frameworks",
					"@loader_path/Frameworks",
				);
				MARKETING_VERSION = 1.0;
				PRODUCT_BUNDLE_IDENTIFIER = com.hexedbits.Watchdog;
				PRODUCT_NAME = "$(TARGET_NAME:c99extidentifier)";
				SKIP_INSTALL = YES;
				SUPPORTS_MACCATALYST = NO;
				SWIFT_EMIT_LOC_STRINGS = YES;
				TARGETED_DEVICE_FAMILY = "1,2";
			};
			name = Release;
		};
		0BE3DC4128A596610039856C /* Debug */ = {
			isa = XCBuildConfiguration;
			buildSettings = {
				ALWAYS_EMBED_SWIFT_STANDARD_LIBRARIES = YES;
				CODE_SIGN_STYLE = Automatic;
				CURRENT_PROJECT_VERSION = 1;
				GENERATE_INFOPLIST_FILE = YES;
				MARKETING_VERSION = 1.0;
				PRODUCT_BUNDLE_IDENTIFIER = com.hexedbits.WatchdogTests;
				PRODUCT_NAME = "$(TARGET_NAME)";
				SWIFT_EMIT_LOC_STRINGS = NO;
				SWIFT_VERSION = 5.0;
				TARGETED_DEVICE_FAMILY = "1,2";
			};
			name = Debug;
		};
		0BE3DC4228A596610039856C /* Release */ = {
			isa = XCBuildConfiguration;
			buildSettings = {
				ALWAYS_EMBED_SWIFT_STANDARD_LIBRARIES = YES;
				CODE_SIGN_STYLE = Automatic;
				CURRENT_PROJECT_VERSION = 1;
				GENERATE_INFOPLIST_FILE = YES;
				MARKETING_VERSION = 1.0;
				PRODUCT_BUNDLE_IDENTIFIER = com.hexedbits.WatchdogTests;
				PRODUCT_NAME = "$(TARGET_NAME)";
				SWIFT_EMIT_LOC_STRINGS = NO;
				SWIFT_VERSION = 5.0;
				TARGETED_DEVICE_FAMILY = "1,2";
			};
			name = Release;
		};
/* End XCBuildConfiguration section */

/* Begin XCConfigurationList section */
		0BE3DC2528A596610039856C /* Build configuration list for PBXProject "Watchdog" */ = {
			isa = XCConfigurationList;
			buildConfigurations = (
				0BE3DC3B28A596610039856C /* Debug */,
				0BE3DC3C28A596610039856C /* Release */,
			);
			defaultConfigurationIsVisible = 0;
			defaultConfigurationName = Release;
		};
		0BE3DC3D28A596610039856C /* Build configuration list for PBXNativeTarget "Watchdog" */ = {
			isa = XCConfigurationList;
			buildConfigurations = (
				0BE3DC3E28A596610039856C /* Debug */,
				0BE3DC3F28A596610039856C /* Release */,
			);
			defaultConfigurationIsVisible = 0;
			defaultConfigurationName = Release;
		};
		0BE3DC4028A596610039856C /* Build configuration list for PBXNativeTarget "WatchdogTests" */ = {
			isa = XCConfigurationList;
			buildConfigurations = (
				0BE3DC4128A596610039856C /* Debug */,
				0BE3DC4228A596610039856C /* Release */,
			);
			defaultConfigurationIsVisible = 0;
			defaultConfigurationName = Release;
		};
/* End XCConfigurationList section */
	};
	rootObject = 0BE3DC2228A596610039856C /* Project object */;
}
